// !$*UTF8*$!
{
	archiveVersion = 1;
	classes = {
	};
	objectVersion = 46;
	objects = {

/* Begin PBXBuildFile section */
		66A349711971F4B1003A2D6D /* Foundation.framework in Frameworks */ = {isa = PBXBuildFile; fileRef = 66A349701971F4B1003A2D6D /* Foundation.framework */; };
		66A349731971F4B1003A2D6D /* CoreGraphics.framework in Frameworks */ = {isa = PBXBuildFile; fileRef = 66A349721971F4B1003A2D6D /* CoreGraphics.framework */; };
		66A349751971F4B2003A2D6D /* UIKit.framework in Frameworks */ = {isa = PBXBuildFile; fileRef = 66A349741971F4B2003A2D6D /* UIKit.framework */; };
		66A3497B1971F4B2003A2D6D /* InfoPlist.strings in Resources */ = {isa = PBXBuildFile; fileRef = 66A349791971F4B2003A2D6D /* InfoPlist.strings */; };
		66A3497D1971F4B2003A2D6D /* main.m in Sources */ = {isa = PBXBuildFile; fileRef = 66A3497C1971F4B2003A2D6D /* main.m */; };
		66A349811971F4B2003A2D6D /* JBAppDelegate.m in Sources */ = {isa = PBXBuildFile; fileRef = 66A349801971F4B2003A2D6D /* JBAppDelegate.m */; };
		66A349841971F4B2003A2D6D /* Main.storyboard in Resources */ = {isa = PBXBuildFile; fileRef = 66A349821971F4B2003A2D6D /* Main.storyboard */; };
		66A349871971F4B2003A2D6D /* JBViewController.m in Sources */ = {isa = PBXBuildFile; fileRef = 66A349861971F4B2003A2D6D /* JBViewController.m */; };
		66A349891971F4B2003A2D6D /* Images.xcassets in Resources */ = {isa = PBXBuildFile; fileRef = 66A349881971F4B2003A2D6D /* Images.xcassets */; };
		66A349901971F4B2003A2D6D /* XCTest.framework in Frameworks */ = {isa = PBXBuildFile; fileRef = 66A3498F1971F4B2003A2D6D /* XCTest.framework */; };
		66A349911971F4B2003A2D6D /* Foundation.framework in Frameworks */ = {isa = PBXBuildFile; fileRef = 66A349701971F4B1003A2D6D /* Foundation.framework */; };
		66A349921971F4B2003A2D6D /* UIKit.framework in Frameworks */ = {isa = PBXBuildFile; fileRef = 66A349741971F4B2003A2D6D /* UIKit.framework */; };
		66A3499A1971F4B2003A2D6D /* InfoPlist.strings in Resources */ = {isa = PBXBuildFile; fileRef = 66A349981971F4B2003A2D6D /* InfoPlist.strings */; };
		66A3499C1971F4B2003A2D6D /* gitTestTests.m in Sources */ = {isa = PBXBuildFile; fileRef = 66A3499B1971F4B2003A2D6D /* gitTestTests.m */; };
/* End PBXBuildFile section */

/* Begin PBXContainerItemProxy section */
		66A349931971F4B2003A2D6D /* PBXContainerItemProxy */ = {
			isa = PBXContainerItemProxy;
			containerPortal = 66A349651971F4B1003A2D6D /* Project object */;
			proxyType = 1;
			remoteGlobalIDString = 66A3496C1971F4B1003A2D6D;
			remoteInfo = gitTest;
		};
/* End PBXContainerItemProxy section */

/* Begin PBXFileReference section */
		66A3496D1971F4B1003A2D6D /* gitTest.app */ = {isa = PBXFileReference; explicitFileType = wrapper.application; includeInIndex = 0; path = gitTest.app; sourceTree = BUILT_PRODUCTS_DIR; };
		66A349701971F4B1003A2D6D /* Foundation.framework */ = {isa = PBXFileReference; lastKnownFileType = wrapper.framework; name = Foundation.framework; path = System/Library/Frameworks/Foundation.framework; sourceTree = SDKROOT; };
		66A349721971F4B1003A2D6D /* CoreGraphics.framework */ = {isa = PBXFileReference; lastKnownFileType = wrapper.framework; name = CoreGraphics.framework; path = System/Library/Frameworks/CoreGraphics.framework; sourceTree = SDKROOT; };
		66A349741971F4B2003A2D6D /* UIKit.framework */ = {isa = PBXFileReference; lastKnownFileType = wrapper.framework; name = UIKit.framework; path = System/Library/Frameworks/UIKit.framework; sourceTree = SDKROOT; };
		66A349781971F4B2003A2D6D /* gitTest-Info.plist */ = {isa = PBXFileReference; lastKnownFileType = text.plist.xml; path = "gitTest-Info.plist"; sourceTree = "<group>"; };
		66A3497A1971F4B2003A2D6D /* en */ = {isa = PBXFileReference; lastKnownFileType = text.plist.strings; name = en; path = en.lproj/InfoPlist.strings; sourceTree = "<group>"; };
		66A3497C1971F4B2003A2D6D /* main.m */ = {isa = PBXFileReference; lastKnownFileType = sourcecode.c.objc; path = main.m; sourceTree = "<group>"; };
		66A3497E1971F4B2003A2D6D /* gitTest-Prefix.pch */ = {isa = PBXFileReference; lastKnownFileType = sourcecode.c.h; path = "gitTest-Prefix.pch"; sourceTree = "<group>"; };
		66A3497F1971F4B2003A2D6D /* JBAppDelegate.h */ = {isa = PBXFileReference; lastKnownFileType = sourcecode.c.h; path = JBAppDelegate.h; sourceTree = "<group>"; };
		66A349801971F4B2003A2D6D /* JBAppDelegate.m */ = {isa = PBXFileReference; lastKnownFileType = sourcecode.c.objc; path = JBAppDelegate.m; sourceTree = "<group>"; };
		66A349831971F4B2003A2D6D /* Base */ = {isa = PBXFileReference; lastKnownFileType = file.storyboard; name = Base; path = Base.lproj/Main.storyboard; sourceTree = "<group>"; };
		66A349851971F4B2003A2D6D /* JBViewController.h */ = {isa = PBXFileReference; lastKnownFileType = sourcecode.c.h; path = JBViewController.h; sourceTree = "<group>"; };
		66A349861971F4B2003A2D6D /* JBViewController.m */ = {isa = PBXFileReference; lastKnownFileType = sourcecode.c.objc; path = JBViewController.m; sourceTree = "<group>"; };
		66A349881971F4B2003A2D6D /* Images.xcassets */ = {isa = PBXFileReference; lastKnownFileType = folder.assetcatalog; path = Images.xcassets; sourceTree = "<group>"; };
		66A3498E1971F4B2003A2D6D /* gitTestTests.xctest */ = {isa = PBXFileReference; explicitFileType = wrapper.cfbundle; includeInIndex = 0; path = gitTestTests.xctest; sourceTree = BUILT_PRODUCTS_DIR; };
		66A3498F1971F4B2003A2D6D /* XCTest.framework */ = {isa = PBXFileReference; lastKnownFileType = wrapper.framework; name = XCTest.framework; path = Library/Frameworks/XCTest.framework; sourceTree = DEVELOPER_DIR; };
		66A349971971F4B2003A2D6D /* gitTestTests-Info.plist */ = {isa = PBXFileReference; lastKnownFileType = text.plist.xml; path = "gitTestTests-Info.plist"; sourceTree = "<group>"; };
		66A349991971F4B2003A2D6D /* en */ = {isa = PBXFileReference; lastKnownFileType = text.plist.strings; name = en; path = en.lproj/InfoPlist.strings; sourceTree = "<group>"; };
		66A3499B1971F4B2003A2D6D /* gitTestTests.m */ = {isa = PBXFileReference; lastKnownFileType = sourcecode.c.objc; path = gitTestTests.m; sourceTree = "<group>"; };
/* End PBXFileReference section */

/* Begin PBXFrameworksBuildPhase section */
		66A3496A1971F4B1003A2D6D /* Frameworks */ = {
			isa = PBXFrameworksBuildPhase;
			buildActionMask = 2147483647;
			files = (
				66A349731971F4B1003A2D6D /* CoreGraphics.framework in Frameworks */,
				66A349751971F4B2003A2D6D /* UIKit.framework in Frameworks */,
				66A349711971F4B1003A2D6D /* Foundation.framework in Frameworks */,
			);
			runOnlyForDeploymentPostprocessing = 0;
		};
		66A3498B1971F4B2003A2D6D /* Frameworks */ = {
			isa = PBXFrameworksBuildPhase;
			buildActionMask = 2147483647;
			files = (
				66A349901971F4B2003A2D6D /* XCTest.framework in Frameworks */,
				66A349921971F4B2003A2D6D /* UIKit.framework in Frameworks */,
				66A349911971F4B2003A2D6D /* Foundation.framework in Frameworks */,
			);
			runOnlyForDeploymentPostprocessing = 0;
		};
/* End PBXFrameworksBuildPhase section */

/* Begin PBXGroup section */
		66A349641971F4B1003A2D6D = {
			isa = PBXGroup;
			children = (
				66A349761971F4B2003A2D6D /* gitTest */,
				66A349951971F4B2003A2D6D /* gitTestTests */,
				66A3496F1971F4B1003A2D6D /* Frameworks */,
				66A3496E1971F4B1003A2D6D /* Products */,
			);
			sourceTree = "<group>";
		};
		66A3496E1971F4B1003A2D6D /* Products */ = {
			isa = PBXGroup;
			children = (
				66A3496D1971F4B1003A2D6D /* gitTest.app */,
				66A3498E1971F4B2003A2D6D /* gitTestTests.xctest */,
			);
			name = Products;
			sourceTree = "<group>";
		};
		66A3496F1971F4B1003A2D6D /* Frameworks */ = {
			isa = PBXGroup;
			children = (
				66A349701971F4B1003A2D6D /* Foundation.framework */,
				66A349721971F4B1003A2D6D /* CoreGraphics.framework */,
				66A349741971F4B2003A2D6D /* UIKit.framework */,
				66A3498F1971F4B2003A2D6D /* XCTest.framework */,
			);
			name = Frameworks;
			sourceTree = "<group>";
		};
		66A349761971F4B2003A2D6D /* gitTest */ = {
			isa = PBXGroup;
			children = (
				66A3497F1971F4B2003A2D6D /* JBAppDelegate.h */,
				66A349801971F4B2003A2D6D /* JBAppDelegate.m */,
				66A349821971F4B2003A2D6D /* Main.storyboard */,
				66A349851971F4B2003A2D6D /* JBViewController.h */,
				66A349861971F4B2003A2D6D /* JBViewController.m */,
				66A349881971F4B2003A2D6D /* Images.xcassets */,
				66A349771971F4B2003A2D6D /* Supporting Files */,
			);
			path = gitTest;
			sourceTree = "<group>";
		};
		66A349771971F4B2003A2D6D /* Supporting Files */ = {
			isa = PBXGroup;
			children = (
				66A349781971F4B2003A2D6D /* gitTest-Info.plist */,
				66A349791971F4B2003A2D6D /* InfoPlist.strings */,
				66A3497C1971F4B2003A2D6D /* main.m */,
				66A3497E1971F4B2003A2D6D /* gitTest-Prefix.pch */,
			);
			name = "Supporting Files";
			sourceTree = "<group>";
		};
		66A349951971F4B2003A2D6D /* gitTestTests */ = {
			isa = PBXGroup;
			children = (
				66A3499B1971F4B2003A2D6D /* gitTestTests.m */,
				66A349961971F4B2003A2D6D /* Supporting Files */,
			);
			path = gitTestTests;
			sourceTree = "<group>";
		};
		66A349961971F4B2003A2D6D /* Supporting Files */ = {
			isa = PBXGroup;
			children = (
				66A349971971F4B2003A2D6D /* gitTestTests-Info.plist */,
				66A349981971F4B2003A2D6D /* InfoPlist.strings */,
			);
			name = "Supporting Files";
			sourceTree = "<group>";
		};
/* End PBXGroup section */

/* Begin PBXNativeTarget section */
		66A3496C1971F4B1003A2D6D /* gitTest */ = {
			isa = PBXNativeTarget;
			buildConfigurationList = 66A3499F1971F4B2003A2D6D /* Build configuration list for PBXNativeTarget "gitTest" */;
			buildPhases = (
				66A349691971F4B1003A2D6D /* Sources */,
				66A3496A1971F4B1003A2D6D /* Frameworks */,
				66A3496B1971F4B1003A2D6D /* Resources */,
			);
			buildRules = (
			);
			dependencies = (
			);
			name = gitTest;
			productName = gitTest;
			productReference = 66A3496D1971F4B1003A2D6D /* gitTest.app */;
			productType = "com.apple.product-type.application";
		};
		66A3498D1971F4B2003A2D6D /* gitTestTests */ = {
			isa = PBXNativeTarget;
			buildConfigurationList = 66A349A21971F4B2003A2D6D /* Build configuration list for PBXNativeTarget "gitTestTests" */;
			buildPhases = (
				66A3498A1971F4B2003A2D6D /* Sources */,
				66A3498B1971F4B2003A2D6D /* Frameworks */,
				66A3498C1971F4B2003A2D6D /* Resources */,
			);
			buildRules = (
			);
			dependencies = (
				66A349941971F4B2003A2D6D /* PBXTargetDependency */,
			);
			name = gitTestTests;
			productName = gitTestTests;
			productReference = 66A3498E1971F4B2003A2D6D /* gitTestTests.xctest */;
			productType = "com.apple.product-type.bundle.unit-test";
		};
/* End PBXNativeTarget section */

/* Begin PBXProject section */
		66A349651971F4B1003A2D6D /* Project object */ = {
			isa = PBXProject;
			attributes = {
				CLASSPREFIX = JB;
				LastUpgradeCheck = 0510;
				ORGANIZATIONNAME = "Jose Benavides";
				TargetAttributes = {
					66A3498D1971F4B2003A2D6D = {
						TestTargetID = 66A3496C1971F4B1003A2D6D;
					};
				};
			};
			buildConfigurationList = 66A349681971F4B1003A2D6D /* Build configuration list for PBXProject "gitTest" */;
			compatibilityVersion = "Xcode 3.2";
			developmentRegion = English;
			hasScannedForEncodings = 0;
			knownRegions = (
				en,
				Base,
			);
			mainGroup = 66A349641971F4B1003A2D6D;
			productRefGroup = 66A3496E1971F4B1003A2D6D /* Products */;
			projectDirPath = "";
			projectRoot = "";
			targets = (
				66A3496C1971F4B1003A2D6D /* gitTest */,
				66A3498D1971F4B2003A2D6D /* gitTestTests */,
			);
		};
/* End PBXProject section */

/* Begin PBXResourcesBuildPhase section */
		66A3496B1971F4B1003A2D6D /* Resources */ = {
			isa = PBXResourcesBuildPhase;
			buildActionMask = 2147483647;
			files = (
				66A349891971F4B2003A2D6D /* Images.xcassets in Resources */,
				66A3497B1971F4B2003A2D6D /* InfoPlist.strings in Resources */,
				66A349841971F4B2003A2D6D /* Main.storyboard in Resources */,
			);
			runOnlyForDeploymentPostprocessing = 0;
		};
		66A3498C1971F4B2003A2D6D /* Resources */ = {
			isa = PBXResourcesBuildPhase;
			buildActionMask = 2147483647;
			files = (
				66A3499A1971F4B2003A2D6D /* InfoPlist.strings in Resources */,
			);
			runOnlyForDeploymentPostprocessing = 0;
		};
/* End PBXResourcesBuildPhase section */

/* Begin PBXSourcesBuildPhase section */
		66A349691971F4B1003A2D6D /* Sources */ = {
			isa = PBXSourcesBuildPhase;
			buildActionMask = 2147483647;
			files = (
				66A349811971F4B2003A2D6D /* JBAppDelegate.m in Sources */,
				66A349871971F4B2003A2D6D /* JBViewController.m in Sources */,
				66A3497D1971F4B2003A2D6D /* main.m in Sources */,
			);
			runOnlyForDeploymentPostprocessing = 0;
		};
		66A3498A1971F4B2003A2D6D /* Sources */ = {
			isa = PBXSourcesBuildPhase;
			buildActionMask = 2147483647;
			files = (
				66A3499C1971F4B2003A2D6D /* gitTestTests.m in Sources */,
			);
			runOnlyForDeploymentPostprocessing = 0;
		};
/* End PBXSourcesBuildPhase section */

/* Begin PBXTargetDependency section */
		66A349941971F4B2003A2D6D /* PBXTargetDependency */ = {
			isa = PBXTargetDependency;
			target = 66A3496C1971F4B1003A2D6D /* gitTest */;
			targetProxy = 66A349931971F4B2003A2D6D /* PBXContainerItemProxy */;
		};
/* End PBXTargetDependency section */

/* Begin PBXVariantGroup section */
		66A349791971F4B2003A2D6D /* InfoPlist.strings */ = {
			isa = PBXVariantGroup;
			children = (
				66A3497A1971F4B2003A2D6D /* en */,
			);
			name = InfoPlist.strings;
			sourceTree = "<group>";
		};
		66A349821971F4B2003A2D6D /* Main.storyboard */ = {
			isa = PBXVariantGroup;
			children = (
				66A349831971F4B2003A2D6D /* Base */,
			);
			name = Main.storyboard;
			sourceTree = "<group>";
		};
		66A349981971F4B2003A2D6D /* InfoPlist.strings */ = {
			isa = PBXVariantGroup;
			children = (
				66A349991971F4B2003A2D6D /* en */,
			);
			name = InfoPlist.strings;
			sourceTree = "<group>";
		};
/* End PBXVariantGroup section */

/* Begin XCBuildConfiguration section */
		66A3499D1971F4B2003A2D6D /* Debug */ = {
			isa = XCBuildConfiguration;
			buildSettings = {
				ALWAYS_SEARCH_USER_PATHS = NO;
				CLANG_CXX_LANGUAGE_STANDARD = "gnu++0x";
				CLANG_CXX_LIBRARY = "libc++";
				CLANG_ENABLE_MODULES = YES;
				CLANG_ENABLE_OBJC_ARC = YES;
				CLANG_WARN_BOOL_CONVERSION = YES;
				CLANG_WARN_CONSTANT_CONVERSION = YES;
				CLANG_WARN_DIRECT_OBJC_ISA_USAGE = YES_ERROR;
				CLANG_WARN_EMPTY_BODY = YES;
				CLANG_WARN_ENUM_CONVERSION = YES;
				CLANG_WARN_INT_CONVERSION = YES;
				CLANG_WARN_OBJC_ROOT_CLASS = YES_ERROR;
				CLANG_WARN__DUPLICATE_METHOD_MATCH = YES;
				"CODE_SIGN_IDENTITY[sdk=iphoneos*]" = "iPhone Developer";
				COPY_PHASE_STRIP = NO;
				GCC_C_LANGUAGE_STANDARD = gnu99;
				GCC_DYNAMIC_NO_PIC = NO;
				GCC_OPTIMIZATION_LEVEL = 0;
				GCC_PREPROCESSOR_DEFINITIONS = (
					"DEBUG=1",
					"$(inherited)",
				);
				GCC_SYMBOLS_PRIVATE_EXTERN = NO;
				GCC_WARN_64_TO_32_BIT_CONVERSION = YES;
				GCC_WARN_ABOUT_RETURN_TYPE = YES_ERROR;
				GCC_WARN_UNDECLARED_SELECTOR = YES;
				GCC_WARN_UNINITIALIZED_AUTOS = YES_AGGRESSIVE;
				GCC_WARN_UNUSED_FUNCTION = YES;
				GCC_WARN_UNUSED_VARIABLE = YES;
				IPHONEOS_DEPLOYMENT_TARGET = 7.1;
				ONLY_ACTIVE_ARCH = YES;
				SDKROOT = iphoneos;
			};
			name = Debug;
		};
		66A3499E1971F4B2003A2D6D /* Release */ = {
			isa = XCBuildConfiguration;
			buildSettings = {
				ALWAYS_SEARCH_USER_PATHS = NO;
				CLANG_CXX_LANGUAGE_STANDARD = "gnu++0x";
				CLANG_CXX_LIBRARY = "libc++";
				CLANG_ENABLE_MODULES = YES;
				CLANG_ENABLE_OBJC_ARC = YES;
				CLANG_WARN_BOOL_CONVERSION = YES;
				CLANG_WARN_CONSTANT_CONVERSION = YES;
				CLANG_WARN_DIRECT_OBJC_ISA_USAGE = YES_ERROR;
				CLANG_WARN_EMPTY_BODY = YES;
				CLANG_WARN_ENUM_CONVERSION = YES;
				CLANG_WARN_INT_CONVERSION = YES;
				CLANG_WARN_OBJC_ROOT_CLASS = YES_ERROR;
				CLANG_WARN__DUPLICATE_METHOD_MATCH = YES;
				"CODE_SIGN_IDENTITY[sdk=iphoneos*]" = "iPhone Developer";
				COPY_PHASE_STRIP = YES;
				ENABLE_NS_ASSERTIONS = NO;
				GCC_C_LANGUAGE_STANDARD = gnu99;
				GCC_WARN_64_TO_32_BIT_CONVERSION = YES;
				GCC_WARN_ABOUT_RETURN_TYPE = YES_ERROR;
				GCC_WARN_UNDECLARED_SELECTOR = YES;
				GCC_WARN_UNINITIALIZED_AUTOS = YES_AGGRESSIVE;
				GCC_WARN_UNUSED_FUNCTION = YES;
				GCC_WARN_UNUSED_VARIABLE = YES;
				IPHONEOS_DEPLOYMENT_TARGET = 7.1;
				SDKROOT = iphoneos;
				VALIDATE_PRODUCT = YES;
			};
			name = Release;
		};
		66A349A01971F4B2003A2D6D /* Debug */ = {
			isa = XCBuildConfiguration;
			buildSettings = {
				ASSETCATALOG_COMPILER_APPICON_NAME = AppIcon;
				ASSETCATALOG_COMPILER_LAUNCHIMAGE_NAME = LaunchImage;
				GCC_PRECOMPILE_PREFIX_HEADER = YES;
				GCC_PREFIX_HEADER = "gitTest/gitTest-Prefix.pch";
				INFOPLIST_FILE = "gitTest/gitTest-Info.plist";
				PRODUCT_NAME = "$(TARGET_NAME)";
				WRAPPER_EXTENSION = app;
			};
			name = Debug;
		};
		66A349A11971F4B2003A2D6D /* Release */ = {
			isa = XCBuildConfiguration;
			buildSettings = {
				ASSETCATALOG_COMPILER_APPICON_NAME = AppIcon;
				ASSETCATALOG_COMPILER_LAUNCHIMAGE_NAME = LaunchImage;
				GCC_PRECOMPILE_PREFIX_HEADER = YES;
				GCC_PREFIX_HEADER = "gitTest/gitTest-Prefix.pch";
				INFOPLIST_FILE = "gitTest/gitTest-Info.plist";
				PRODUCT_NAME = "$(TARGET_NAME)";
				WRAPPER_EXTENSION = app;
			};
			name = Release;
		};
		66A349A31971F4B2003A2D6D /* Debug */ = {
			isa = XCBuildConfiguration;
			buildSettings = {
				BUNDLE_LOADER = "$(BUILT_PRODUCTS_DIR)/gitTest.app/gitTest";
				FRAMEWORK_SEARCH_PATHS = (
					"$(SDKROOT)/Developer/Library/Frameworks",
					"$(inherited)",
					"$(DEVELOPER_FRAMEWORKS_DIR)",
				);
				GCC_PRECOMPILE_PREFIX_HEADER = YES;
				GCC_PREFIX_HEADER = "gitTest/gitTest-Prefix.pch";
				GCC_PREPROCESSOR_DEFINITIONS = (
					"DEBUG=1",
					"$(inherited)",
				);
				INFOPLIST_FILE = "gitTestTests/gitTestTests-Info.plist";
				PRODUCT_NAME = "$(TARGET_NAME)";
				TEST_HOST = "$(BUNDLE_LOADER)";
				WRAPPER_EXTENSION = xctest;
			};
			name = Debug;
		};
		66A349A41971F4B2003A2D6D /* Release */ = {
			isa = XCBuildConfiguration;
			buildSettings = {
				BUNDLE_LOADER = "$(BUILT_PRODUCTS_DIR)/gitTest.app/gitTest";
				FRAMEWORK_SEARCH_PATHS = (
					"$(SDKROOT)/Developer/Library/Frameworks",
					"$(inherited)",
					"$(DEVELOPER_FRAMEWORKS_DIR)",
				);
				GCC_PRECOMPILE_PREFIX_HEADER = YES;
				GCC_PREFIX_HEADER = "gitTest/gitTest-Prefix.pch";
				INFOPLIST_FILE = "gitTestTests/gitTestTests-Info.plist";
				PRODUCT_NAME = "$(TARGET_NAME)";
				TEST_HOST = "$(BUNDLE_LOADER)";
				WRAPPER_EXTENSION = xctest;
			};
			name = Release;
		};
/* End XCBuildConfiguration section */

/* Begin XCConfigurationList section */
		66A349681971F4B1003A2D6D /* Build configuration list for PBXProject "gitTest" */ = {
			isa = XCConfigurationList;
			buildConfigurations = (
				66A3499D1971F4B2003A2D6D /* Debug */,
				66A3499E1971F4B2003A2D6D /* Release */,
			);
			defaultConfigurationIsVisible = 0;
			defaultConfigurationName = Release;
		};
		66A3499F1971F4B2003A2D6D /* Build configuration list for PBXNativeTarget "gitTest" */ = {
			isa = XCConfigurationList;
			buildConfigurations = (
				66A349A01971F4B2003A2D6D /* Debug */,
				66A349A11971F4B2003A2D6D /* Release */,
			);
			defaultConfigurationIsVisible = 0;
		};
		66A349A21971F4B2003A2D6D /* Build configuration list for PBXNativeTarget "gitTestTests" */ = {
			isa = XCConfigurationList;
			buildConfigurations = (
				66A349A31971F4B2003A2D6D /* Debug */,
				66A349A41971F4B2003A2D6D /* Release */,
			);
			defaultConfigurationIsVisible = 0;
		};
/* End XCConfigurationList section */
	};
	rootObject = 66A349651971F4B1003A2D6D /* Project object */;
}
